
Microsoft Visual Studio Solution File, Format Version 12.00
Project("{FAE04EC0-301F-11D3-BF4B-00C04F79EFBC}") = "JwtApp", "JwtApp\JwtApp.csproj", "{039300FF-CEE3-4E05-B961-1D11B646DDDF}"
EndProject
Global
	GlobalSection(SolutionConfigurationPlatforms) = preSolution
		Debug|Any CPU = Debug|Any CPU
		Release|Any CPU = Release|Any CPU
	EndGlobalSection
	GlobalSection(ProjectConfigurationPlatforms) = postSolution
		{039300FF-CEE3-4E05-B961-1D11B646DDDF}.Debug|Any CPU.ActiveCfg = Debug|Any CPU
		{039300FF-CEE3-4E05-B961-1D11B646DDDF}.Debug|Any CPU.Build.0 = Debug|Any CPU
		{039300FF-CEE3-4E05-B961-1D11B646DDDF}.Release|Any CPU.ActiveCfg = Release|Any CPU
		{039300FF-CEE3-4E05-B961-1D11B646DDDF}.Release|Any CPU.Build.0 = Release|Any CPU
	EndGlobalSection
EndGlobal
